
Microsoft Visual Studio Solution File, Format Version 12.00
# Visual Studio Version 17
VisualStudioVersion = 17.10.35013.160
MinimumVisualStudioVersion = 10.0.40219.1
Project("{FAE04EC0-301F-11D3-BF4B-00C04F79EFBC}") = "Assignment003", "Assignment003\Assignment003.csproj", "{B2701B26-2906-451B-BB8B-062AC137E303}"
EndProject
Global
	GlobalSection(SolutionConfigurationPlatforms) = preSolution
		Debug|Any CPU = Debug|Any CPU
		Release|Any CPU = Release|Any CPU
	EndGlobalSection
	GlobalSection(ProjectConfigurationPlatforms) = postSolution
		{B2701B26-2906-451B-BB8B-062AC137E303}.Debug|Any CPU.ActiveCfg = Debug|Any CPU
		{B2701B26-2906-451B-BB8B-062AC137E303}.Debug|Any CPU.Build.0 = Debug|Any CPU
		{B2701B26-2906-451B-BB8B-062AC137E303}.Release|Any CPU.ActiveCfg = Release|Any CPU
		{B2701B26-2906-451B-BB8B-062AC137E303}.Release|Any CPU.Build.0 = Release|Any CPU
	EndGlobalSection
	GlobalSection(SolutionProperties) = preSolution
		HideSolutionNode = FALSE
	EndGlobalSection
	GlobalSection(ExtensibilityGlobals) = postSolution
		SolutionGuid = {B9E786FD-7837-4639-8CDC-6F6753A28790}
	EndGlobalSection
EndGlobal
